
Microsoft Visual Studio Solution File, Format Version 12.00
# Visual Studio 2013
VisualStudioVersion = 12.0.30723.0
MinimumVisualStudioVersion = 10.0.40219.1
Project("{2150E333-8FDC-42A3-9474-1A3956D46DE8}") = "MindMap", "MindMap", "{1FE40F53-6F4A-4477-8418-1B59571254C5}"
EndProject
Project("{D954291E-2A0B-460D-934E-DC6B0785DB48}") = "MindMap.Shared", "MindMap\MindMap.Shared\MindMap.Shared.shproj", "{E341918E-BBE1-45F0-AF2E-F8064267FC01}"
EndProject
Project("{FAE04EC0-301F-11D3-BF4B-00C04F79EFBC}") = "MindMap.Windows", "MindMap\MindMap.Windows\MindMap.Windows.csproj", "{95F81D17-A690-4B78-AE78-BD04563F1674}"
EndProject
Project("{FAE04EC0-301F-11D3-BF4B-00C04F79EFBC}") = "MindMap.WindowsPhone", "MindMap\MindMap.WindowsPhone\MindMap.WindowsPhone.csproj", "{231F8E6F-ECA0-4BD4-A9E7-65C09189607C}"
EndProject
Global
	GlobalSection(SharedMSBuildProjectFiles) = preSolution
		MindMap\MindMap.Shared\MindMap.Shared.projitems*{95f81d17-a690-4b78-ae78-bd04563f1674}*SharedItemsImports = 4
		MindMap\MindMap.Shared\MindMap.Shared.projitems*{e341918e-bbe1-45f0-af2e-f8064267fc01}*SharedItemsImports = 13
		MindMap\MindMap.Shared\MindMap.Shared.projitems*{231f8e6f-eca0-4bd4-a9e7-65c09189607c}*SharedItemsImports = 4
	EndGlobalSection
	GlobalSection(SolutionConfigurationPlatforms) = preSolution
		Debug|Any CPU = Debug|Any CPU
		Debug|ARM = Debug|ARM
		Debug|x64 = Debug|x64
		Debug|x86 = Debug|x86
		Release|Any CPU = Release|Any CPU
		Release|ARM = Release|ARM
		Release|x64 = Release|x64
		Release|x86 = Release|x86
	EndGlobalSection
	GlobalSection(ProjectConfigurationPlatforms) = postSolution
		{95F81D17-A690-4B78-AE78-BD04563F1674}.Debug|Any CPU.ActiveCfg = Debug|x86
		{95F81D17-A690-4B78-AE78-BD04563F1674}.Debug|Any CPU.Build.0 = Debug|x86
		{95F81D17-A690-4B78-AE78-BD04563F1674}.Debug|Any CPU.Deploy.0 = Debug|x86
		{95F81D17-A690-4B78-AE78-BD04563F1674}.Debug|ARM.ActiveCfg = Debug|ARM
		{95F81D17-A690-4B78-AE78-BD04563F1674}.Debug|ARM.Build.0 = Debug|ARM
		{95F81D17-A690-4B78-AE78-BD04563F1674}.Debug|ARM.Deploy.0 = Debug|ARM
		{95F81D17-A690-4B78-AE78-BD04563F1674}.Debug|x64.ActiveCfg = Debug|x64
		{95F81D17-A690-4B78-AE78-BD04563F1674}.Debug|x64.Build.0 = Debug|x64
		{95F81D17-A690-4B78-AE78-BD04563F1674}.Debug|x64.Deploy.0 = Debug|x64
		{95F81D17-A690-4B78-AE78-BD04563F1674}.Debug|x86.ActiveCfg = Debug|x86
		{95F81D17-A690-4B78-AE78-BD04563F1674}.Debug|x86.Build.0 = Debug|x86
		{95F81D17-A690-4B78-AE78-BD04563F1674}.Debug|x86.Deploy.0 = Debug|x86
		{95F81D17-A690-4B78-AE78-BD04563F1674}.Release|Any CPU.ActiveCfg = Release|Any CPU
		{95F81D17-A690-4B78-AE78-BD04563F1674}.Release|Any CPU.Build.0 = Release|Any CPU
		{95F81D17-A690-4B78-AE78-BD04563F1674}.Release|Any CPU.Deploy.0 = Release|Any CPU
		{95F81D17-A690-4B78-AE78-BD04563F1674}.Release|ARM.ActiveCfg = Release|ARM
		{95F81D17-A690-4B78-AE78-BD04563F1674}.Release|ARM.Build.0 = Release|ARM
		{95F81D17-A690-4B78-AE78-BD04563F1674}.Release|ARM.Deploy.0 = Release|ARM
		{95F81D17-A690-4B78-AE78-BD04563F1674}.Release|x64.ActiveCfg = Release|x64
		{95F81D17-A690-4B78-AE78-BD04563F1674}.Release|x64.Build.0 = Release|x64
		{95F81D17-A690-4B78-AE78-BD04563F1674}.Release|x64.Deploy.0 = Release|x64
		{95F81D17-A690-4B78-AE78-BD04563F1674}.Release|x86.ActiveCfg = Release|x86
		{95F81D17-A690-4B78-AE78-BD04563F1674}.Release|x86.Build.0 = Release|x86
		{95F81D17-A690-4B78-AE78-BD04563F1674}.Release|x86.Deploy.0 = Release|x86
		{231F8E6F-ECA0-4BD4-A9E7-65C09189607C}.Debug|Any CPU.ActiveCfg = Debug|x86
		{231F8E6F-ECA0-4BD4-A9E7-65C09189607C}.Debug|Any CPU.Build.0 = Debug|x86
		{231F8E6F-ECA0-4BD4-A9E7-65C09189607C}.Debug|Any CPU.Deploy.0 = Debug|x86
		{231F8E6F-ECA0-4BD4-A9E7-65C09189607C}.Debug|ARM.ActiveCfg = Debug|ARM
		{231F8E6F-ECA0-4BD4-A9E7-65C09189607C}.Debug|ARM.Build.0 = Debug|ARM
		{231F8E6F-ECA0-4BD4-A9E7-65C09189607C}.Debug|ARM.Deploy.0 = Debug|ARM
		{231F8E6F-ECA0-4BD4-A9E7-65C09189607C}.Debug|x64.ActiveCfg = Debug|Any CPU
		{231F8E6F-ECA0-4BD4-A9E7-65C09189607C}.Debug|x86.ActiveCfg = Debug|x86
		{231F8E6F-ECA0-4BD4-A9E7-65C09189607C}.Debug|x86.Build.0 = Debug|x86
		{231F8E6F-ECA0-4BD4-A9E7-65C09189607C}.Debug|x86.Deploy.0 = Debug|x86
		{231F8E6F-ECA0-4BD4-A9E7-65C09189607C}.Release|Any CPU.ActiveCfg = Release|Any CPU
		{231F8E6F-ECA0-4BD4-A9E7-65C09189607C}.Release|Any CPU.Build.0 = Release|Any CPU
		{231F8E6F-ECA0-4BD4-A9E7-65C09189607C}.Release|Any CPU.Deploy.0 = Release|Any CPU
		{231F8E6F-ECA0-4BD4-A9E7-65C09189607C}.Release|ARM.ActiveCfg = Release|ARM
		{231F8E6F-ECA0-4BD4-A9E7-65C09189607C}.Release|ARM.Build.0 = Release|ARM
		{231F8E6F-ECA0-4BD4-A9E7-65C09189607C}.Release|ARM.Deploy.0 = Release|ARM
		{231F8E6F-ECA0-4BD4-A9E7-65C09189607C}.Release|x64.ActiveCfg = Release|Any CPU
		{231F8E6F-ECA0-4BD4-A9E7-65C09189607C}.Release|x86.ActiveCfg = Release|x86
		{231F8E6F-ECA0-4BD4-A9E7-65C09189607C}.Release|x86.Build.0 = Release|x86
		{231F8E6F-ECA0-4BD4-A9E7-65C09189607C}.Release|x86.Deploy.0 = Release|x86
	EndGlobalSection
	GlobalSection(SolutionProperties) = preSolution
		HideSolutionNode = FALSE
	EndGlobalSection
	GlobalSection(NestedProjects) = preSolution
		{E341918E-BBE1-45F0-AF2E-F8064267FC01} = {1FE40F53-6F4A-4477-8418-1B59571254C5}
		{95F81D17-A690-4B78-AE78-BD04563F1674} = {1FE40F53-6F4A-4477-8418-1B59571254C5}
		{231F8E6F-ECA0-4BD4-A9E7-65C09189607C} = {1FE40F53-6F4A-4477-8418-1B59571254C5}
	EndGlobalSection
EndGlobal
